// !$*UTF8*$!
{
	archiveVersion = 1;
	classes = {
	};
	objectVersion = 56;
	objects = {

/* Begin PBXBuildFile section */
		3F38966C2FCA03E10010DC4E /* CommandServer.swift in Sources */ = {isa = PBXBuildFile; fileRef = 3F38966B2FCA03E10010DC4E /* CommandServer.swift */; };
		3F3967C52FCA0C2300B7CE51 /* IntentRouter.swift in Sources */ = {isa = PBXBuildFile; fileRef = 3F3967C42FCA0C2300B7CE51 /* IntentRouter.swift */; };
		3F73A4402FCE856A0057ED63 /* LabStatusService.swift in Sources */ = {isa = PBXBuildFile; fileRef = 3F73A43D2FCE856A0057ED63 /* LabStatusService.swift */; };
		3F73A4412FCE856A0057ED63 /* MemoryService.swift in Sources */ = {isa = PBXBuildFile; fileRef = 3F73A43E2FCE856A0057ED63 /* MemoryService.swift */; };
		3F73A4422FCE856A0057ED63 /* TaskDispatcher.swift in Sources */ = {isa = PBXBuildFile; fileRef = 3F73A43F2FCE856A0057ED63 /* TaskDispatcher.swift */; };
		BB000021000000000000021 /* SoniqueBarApp.swift in Sources */ = {isa = PBXBuildFile; fileRef = BB000020000000000000020 /* SoniqueBarApp.swift */; };
		BB000041000000000000041 /* Assets.xcassets in Resources */ = {isa = PBXBuildFile; fileRef = BB000040000000000000040 /* Assets.xcassets */; };
/* End PBXBuildFile section */

/* Begin PBXFileReference section */
		3F38966B2FCA03E10010DC4E /* CommandServer.swift */ = {isa = PBXFileReference; lastKnownFileType = sourcecode.swift; name = CommandServer.swift; path = SoniqueBar/Services/CommandServer.swift; sourceTree = SOURCE_ROOT; };
		3F3967C42FCA0C2300B7CE51 /* IntentRouter.swift */ = {isa = PBXFileReference; lastKnownFileType = sourcecode.swift; name = IntentRouter.swift; path = SoniqueBar/Services/IntentRouter.swift; sourceTree = SOURCE_ROOT; };
		3F73A43D2FCE856A0057ED63 /* LabStatusService.swift */ = {isa = PBXFileReference; lastKnownFileType = sourcecode.swift; path = LabStatusService.swift; sourceTree = "<group>"; };
		3F73A43E2FCE856A0057ED63 /* MemoryService.swift */ = {isa = PBXFileReference; lastKnownFileType = sourcecode.swift; path = MemoryService.swift; sourceTree = "<group>"; };
		3F73A43F2FCE856A0057ED63 /* TaskDispatcher.swift */ = {isa = PBXFileReference; lastKnownFileType = sourcecode.swift; path = TaskDispatcher.swift; sourceTree = "<group>"; };
		BB000004000000000000004 /* SoniqueBar.app */ = {isa = PBXFileReference; explicitFileType = wrapper.application; includeInIndex = 0; path = SoniqueBar.app; sourceTree = BUILT_PRODUCTS_DIR; };
		BB000014000000000000014 /* SoniqueBar.entitlements */ = {isa = PBXFileReference; lastKnownFileType = text.plist.entitlements; path = SoniqueBar.entitlements; sourceTree = SOURCE_ROOT; };
		BB000016000000000000016 /* Info.plist */ = {isa = PBXFileReference; lastKnownFileType = text.plist.xml; name = Info.plist; path = SoniqueBar/Resources/Info.plist; sourceTree = SOURCE_ROOT; };
		BB000020000000000000020 /* SoniqueBarApp.swift */ = {isa = PBXFileReference; lastKnownFileType = sourcecode.swift; name = SoniqueBarApp.swift; path = SoniqueBar/SoniqueBarApp.swift; sourceTree = SOURCE_ROOT; };
		BB000040000000000000040 /* Assets.xcassets */ = {isa = PBXFileReference; lastKnownFileType = folder.assetcatalog; name = Assets.xcassets; path = SoniqueBar/Resources/Assets.xcassets; sourceTree = SOURCE_ROOT; };
/* End PBXFileReference section */

/* Begin PBXFrameworksBuildPhase section */
		BB000007000000000000007 /* Frameworks */ = {
			isa = PBXFrameworksBuildPhase;
			buildActionMask = 2147483647;
			files = (
			);
			runOnlyForDeploymentPostprocessing = 0;
		};
/* End PBXFrameworksBuildPhase section */

/* Begin PBXGroup section */
		3F3896522FC9FE150010DC4E /* Recovered References */ = {
			isa = PBXGroup;
			children = (
			);
			name = "Recovered References";
			sourceTree = "<group>";
		};
		3F38965D2FCA01760010DC4E /* Frameworks */ = {
			isa = PBXGroup;
			children = (
			);
			name = Frameworks;
			sourceTree = "<group>";
		};
		BB000002000000000000002 = {
			isa = PBXGroup;
			children = (
				3F73A43D2FCE856A0057ED63 /* LabStatusService.swift */,
				3F73A43E2FCE856A0057ED63 /* MemoryService.swift */,
				3F73A43F2FCE856A0057ED63 /* TaskDispatcher.swift */,
				BB00000F00000000000000F /* SoniqueBar */,
				BB000014000000000000014 /* SoniqueBar.entitlements */,
				BB000003000000000000003 /* Products */,
				3F3896522FC9FE150010DC4E /* Recovered References */,
				3F38965D2FCA01760010DC4E /* Frameworks */,
			);
			sourceTree = "<group>";
		};
		BB000003000000000000003 /* Products */ = {
			isa = PBXGroup;
			children = (
				BB000004000000000000004 /* SoniqueBar.app */,
			);
			name = Products;
			sourceTree = "<group>";
		};
		BB00000F00000000000000F /* SoniqueBar */ = {
			isa = PBXGroup;
			children = (
				BB000020000000000000020 /* SoniqueBarApp.swift */,
				BB000010000000000000010 /* Models */,
				BB000011000000000000011 /* Services */,
				BB000012000000000000012 /* Views */,
				BB000013000000000000013 /* Resources */,
			);
			name = SoniqueBar;
			sourceTree = "<group>";
		};
		BB000010000000000000010 /* Models */ = {
			isa = PBXGroup;
			children = (
			);
			name = Models;
			sourceTree = "<group>";
		};
		BB000011000000000000011 /* Services */ = {
			isa = PBXGroup;
			children = (
				3F3967C42FCA0C2300B7CE51 /* IntentRouter.swift */,
				3F38966B2FCA03E10010DC4E /* CommandServer.swift */,
			);
			name = Services;
			sourceTree = "<group>";
		};
		BB000012000000000000012 /* Views */ = {
			isa = PBXGroup;
			children = (
			);
			name = Views;
			sourceTree = "<group>";
		};
		BB000013000000000000013 /* Resources */ = {
			isa = PBXGroup;
			children = (
				BB000016000000000000016 /* Info.plist */,
				BB000040000000000000040 /* Assets.xcassets */,
			);
			name = Resources;
			sourceTree = "<group>";
		};
/* End PBXGroup section */

/* Begin PBXNativeTarget section */
		BB000008000000000000008 /* SoniqueBar */ = {
			isa = PBXNativeTarget;
			buildConfigurationList = BB00000C00000000000000C /* Build configuration list for PBXNativeTarget "SoniqueBar" */;
			buildPhases = (
				BB000005000000000000005 /* Sources */,
				BB000007000000000000007 /* Frameworks */,
				BB000006000000000000006 /* Resources */,
			);
			buildRules = (
			);
			dependencies = (
			);
			name = SoniqueBar;
			productName = SoniqueBar;
			productReference = BB000004000000000000004 /* SoniqueBar.app */;
			productType = "com.apple.product-type.application";
		};
/* End PBXNativeTarget section */

/* Begin PBXProject section */
		BB000001000000000000001 /* Project object */ = {
			isa = PBXProject;
			attributes = {
				BuildIndependentTargetsInParallel = 1;
				LastSwiftUpdateCheck = 1600;
				LastUpgradeCheck = 1600;
			};
			buildConfigurationList = BB00000B00000000000000B /* Build configuration list for PBXProject "SoniqueBar" */;
			compatibilityVersion = "Xcode 14.0";
			developmentRegion = en;
			hasScannedForEncodings = 0;
			knownRegions = (
				en,
				Base,
			);
			mainGroup = BB000002000000000000002;
			packageReferences = (
			);
			productRefGroup = BB000003000000000000003 /* Products */;
			projectDirPath = "";
			projectRoot = "";
			targets = (
				BB000008000000000000008 /* SoniqueBar */,
			);
		};
/* End PBXProject section */

/* Begin PBXResourcesBuildPhase section */
		BB000006000000000000006 /* Resources */ = {
			isa = PBXResourcesBuildPhase;
			buildActionMask = 2147483647;
			files = (
				BB000041000000000000041 /* Assets.xcassets in Resources */,
			);
			runOnlyForDeploymentPostprocessing = 0;
		};
/* End PBXResourcesBuildPhase section */

/* Begin PBXSourcesBuildPhase section */
		BB000005000000000000005 /* Sources */ = {
			isa = PBXSourcesBuildPhase;
			buildActionMask = 2147483647;
			files = (
				3F3967C52FCA0C2300B7CE51 /* IntentRouter.swift in Sources */,
				BB000021000000000000021 /* SoniqueBarApp.swift in Sources */,
				3F73A4402FCE856A0057ED63 /* LabStatusService.swift in Sources */,
				3F73A4412FCE856A0057ED63 /* MemoryService.swift in Sources */,
				3F73A4422FCE856A0057ED63 /* TaskDispatcher.swift in Sources */,
				3F38966C2FCA03E10010DC4E /* CommandServer.swift in Sources */,
			);
			runOnlyForDeploymentPostprocessing = 0;
		};
/* End PBXSourcesBuildPhase section */

/* Begin XCBuildConfiguration section */
		BB000009000000000000009 /* Debug */ = {
			isa = XCBuildConfiguration;
			buildSettings = {
				ALWAYS_SEARCH_USER_PATHS = NO;
				COPY_PHASE_STRIP = NO;
				DEBUG_INFORMATION_FORMAT = dwarf;
				GCC_OPTIMIZATION_LEVEL = 0;
				GCC_PREPROCESSOR_DEFINITIONS = (
					"DEBUG=1",
					"$(inherited)",
				);
				ONLY_ACTIVE_ARCH = YES;
				SDKROOT = macosx;
				SWIFT_ACTIVE_COMPILATION_CONDITIONS = "DEBUG $(inherited)";
			};
			name = Debug;
		};
		BB00000A00000000000000A /* Release */ = {
			isa = XCBuildConfiguration;
			buildSettings = {
				ALWAYS_SEARCH_USER_PATHS = NO;
				COPY_PHASE_STRIP = NO;
				DEBUG_INFORMATION_FORMAT = "dwarf-with-dsym";
				SDKROOT = macosx;
			};
			name = Release;
		};
		BB00000D00000000000000D /* Debug */ = {
			isa = XCBuildConfiguration;
			buildSettings = {
				ASSETCATALOG_COMPILER_APPICON_NAME = AppIcon;
				CODE_SIGN_ENTITLEMENTS = SoniqueBar.entitlements;
				CODE_SIGN_IDENTITY = "Apple Development";
				CODE_SIGN_STYLE = Automatic;
				COMBINE_HIDPI_IMAGES = YES;
				CURRENT_PROJECT_VERSION = 3;
				DEVELOPMENT_TEAM = 7NSS5CJL9E;
				ENABLE_HARDENED_RUNTIME = YES;
				INFOPLIST_FILE = SoniqueBar/Resources/Info.plist;
				LD_RUNPATH_SEARCH_PATHS = (
					"$(inherited)",
					"@executable_path/../Frameworks",
				);
				MACOSX_DEPLOYMENT_TARGET = 14.0;
				MARKETING_VERSION = 1.1;
				PRODUCT_BUNDLE_IDENTIFIER = com.seayniclabs.soniquebar;
				PRODUCT_NAME = "$(TARGET_NAME)";
				SDKROOT = macosx;
				SWIFT_EMIT_LOC_STRINGS = YES;
				SWIFT_VERSION = 5.0;
			};
			name = Debug;
		};
		BB00000E00000000000000E /* Release */ = {
			isa = XCBuildConfiguration;
			buildSettings = {
				ASSETCATALOG_COMPILER_APPICON_NAME = AppIcon;
				CODE_SIGN_ENTITLEMENTS = SoniqueBar.entitlements;
				CODE_SIGN_IDENTITY = "Apple Development";
				CODE_SIGN_STYLE = Automatic;
				COMBINE_HIDPI_IMAGES = YES;
				CURRENT_PROJECT_VERSION = 3;
				DEVELOPMENT_TEAM = 7NSS5CJL9E;
				ENABLE_HARDENED_RUNTIME = YES;
				INFOPLIST_FILE = SoniqueBar/Resources/Info.plist;
				LD_RUNPATH_SEARCH_PATHS = (
					"$(inherited)",
					"@executable_path/../Frameworks",
				);
				MACOSX_DEPLOYMENT_TARGET = 14.0;
				MARKETING_VERSION = 1.1;
				PRODUCT_BUNDLE_IDENTIFIER = com.seayniclabs.soniquebar;
				PRODUCT_NAME = "$(TARGET_NAME)";
				SDKROOT = macosx;
				SWIFT_EMIT_LOC_STRINGS = YES;
				SWIFT_VERSION = 5.0;
			};
			name = Release;
		};
/* End XCBuildConfiguration section */

/* Begin XCConfigurationList section */
		BB00000B00000000000000B /* Build configuration list for PBXProject "SoniqueBar" */ = {
			isa = XCConfigurationList;
			buildConfigurations = (
				BB000009000000000000009 /* Debug */,
				BB00000A00000000000000A /* Release */,
			);
			defaultConfigurationIsVisible = 0;
			defaultConfigurationName = Release;
		};
		BB00000C00000000000000C /* Build configuration list for PBXNativeTarget "SoniqueBar" */ = {
			isa = XCConfigurationList;
			buildConfigurations = (
				BB00000D00000000000000D /* Debug */,
				BB00000E00000000000000E /* Release */,
			);
			defaultConfigurationIsVisible = 0;
			defaultConfigurationName = Release;
		};
/* End XCConfigurationList section */
	};
	rootObject = BB000001000000000000001 /* Project object */;
}
