<?xml version="1.0" encoding="UTF-8"?>
<!DOCTYPE plist PUBLIC "-//Apple//DTD PLIST 1.0//EN" "http://www.apple.com/DTDs/PropertyList-1.0.dtd">
<plist version="1.0">
<dict>
	<key>archiveVersion</key>
	<string>1</string>
	<key>classes</key>
	<dict/>
	<key>objectVersion</key>
	<string>56</string>
	<key>objects</key>
	<dict>
		<key>3F3896522FC9FE150010DC4E</key>
		<dict>
			<key>children</key>
			<array/>
			<key>isa</key>
			<string>PBXGroup</string>
			<key>name</key>
			<string>Recovered References</string>
			<key>sourceTree</key>
			<string>&lt;group&gt;</string>
		</dict>
		<key>3F38965D2FCA01760010DC4E</key>
		<dict>
			<key>children</key>
			<array/>
			<key>isa</key>
			<string>PBXGroup</string>
			<key>name</key>
			<string>Frameworks</string>
			<key>sourceTree</key>
			<string>&lt;group&gt;</string>
		</dict>
		<key>3F38966B2FCA03E10010DC4E</key>
		<dict>
			<key>isa</key>
			<string>PBXFileReference</string>
			<key>lastKnownFileType</key>
			<string>sourcecode.swift</string>
			<key>name</key>
			<string>CommandServer.swift</string>
			<key>path</key>
			<string>SoniqueBar/Services/CommandServer.swift</string>
			<key>sourceTree</key>
			<string>SOURCE_ROOT</string>
		</dict>
		<key>3F38966C2FCA03E10010DC4E</key>
		<dict>
			<key>fileRef</key>
			<string>3F38966B2FCA03E10010DC4E</string>
			<key>isa</key>
			<string>PBXBuildFile</string>
		</dict>
		<key>3F3967C42FCA0C2300B7CE51</key>
		<dict>
			<key>isa</key>
			<string>PBXFileReference</string>
			<key>lastKnownFileType</key>
			<string>sourcecode.swift</string>
			<key>name</key>
			<string>IntentRouter.swift</string>
			<key>path</key>
			<string>SoniqueBar/Services/IntentRouter.swift</string>
			<key>sourceTree</key>
			<string>SOURCE_ROOT</string>
		</dict>
		<key>3F3967C52FCA0C2300B7CE51</key>
		<dict>
			<key>fileRef</key>
			<string>3F3967C42FCA0C2300B7CE51</string>
			<key>isa</key>
			<string>PBXBuildFile</string>
		</dict>
		<key>3F73A43D2FCE856A0057ED63</key>
		<dict>
			<key>isa</key>
			<string>PBXFileReference</string>
			<key>lastKnownFileType</key>
			<string>sourcecode.swift</string>
			<key>path</key>
			<string>LabStatusService.swift</string>
			<key>sourceTree</key>
			<string>&lt;group&gt;</string>
		</dict>
		<key>3F73A43E2FCE856A0057ED63</key>
		<dict>
			<key>isa</key>
			<string>PBXFileReference</string>
			<key>lastKnownFileType</key>
			<string>sourcecode.swift</string>
			<key>path</key>
			<string>MemoryService.swift</string>
			<key>sourceTree</key>
			<string>&lt;group&gt;</string>
		</dict>
		<key>3F73A43F2FCE856A0057ED63</key>
		<dict>
			<key>isa</key>
			<string>PBXFileReference</string>
			<key>lastKnownFileType</key>
			<string>sourcecode.swift</string>
			<key>path</key>
			<string>TaskDispatcher.swift</string>
			<key>sourceTree</key>
			<string>&lt;group&gt;</string>
		</dict>
		<key>3F73A4402FCE856A0057ED63</key>
		<dict>
			<key>fileRef</key>
			<string>3F73A43D2FCE856A0057ED63</string>
			<key>isa</key>
			<string>PBXBuildFile</string>
		</dict>
		<key>3F73A4412FCE856A0057ED63</key>
		<dict>
			<key>fileRef</key>
			<string>3F73A43E2FCE856A0057ED63</string>
			<key>isa</key>
			<string>PBXBuildFile</string>
		</dict>
		<key>3F73A4422FCE856A0057ED63</key>
		<dict>
			<key>fileRef</key>
			<string>3F73A43F2FCE856A0057ED63</string>
			<key>isa</key>
			<string>PBXBuildFile</string>
		</dict>
		<key>AC1B00200000000000NI01A</key>
		<dict>
			<key>isa</key>
			<string>PBXFileReference</string>
			<key>lastKnownFileType</key>
			<string>sourcecode.swift</string>
			<key>path</key>
			<string>SoniqueBar/Services/NativeIntents.swift</string>
			<key>sourceTree</key>
			<string>&lt;group&gt;</string>
		</dict>
		<key>AC1B00200000000000NI01B</key>
		<dict>
			<key>fileRef</key>
			<string>AC1B00200000000000NI01A</string>
			<key>isa</key>
			<string>PBXBuildFile</string>
		</dict>
		<key>AC1B00200000000000SB01A</key>
		<dict>
			<key>isa</key>
			<string>PBXFileReference</string>
			<key>lastKnownFileType</key>
			<string>sourcecode.swift</string>
			<key>path</key>
			<string>SoniqueBar/Services/SoniqueBrain.swift</string>
			<key>sourceTree</key>
			<string>&lt;group&gt;</string>
		</dict>
		<key>AC1B00200000000000SB01B</key>
		<dict>
			<key>fileRef</key>
			<string>AC1B00200000000000SB01A</string>
			<key>isa</key>
			<string>PBXBuildFile</string>
		</dict>
		<key>BB000001000000000000001</key>
		<dict>
			<key>attributes</key>
			<dict>
				<key>BuildIndependentTargetsInParallel</key>
				<string>1</string>
				<key>LastSwiftUpdateCheck</key>
				<string>1600</string>
				<key>LastUpgradeCheck</key>
				<string>1600</string>
			</dict>
			<key>buildConfigurationList</key>
			<string>BB00000B00000000000000B</string>
			<key>compatibilityVersion</key>
			<string>Xcode 14.0</string>
			<key>developmentRegion</key>
			<string>en</string>
			<key>hasScannedForEncodings</key>
			<string>0</string>
			<key>isa</key>
			<string>PBXProject</string>
			<key>knownRegions</key>
			<array>
				<string>en</string>
				<string>Base</string>
			</array>
			<key>mainGroup</key>
			<string>BB000002000000000000002</string>
			<key>packageReferences</key>
			<array/>
			<key>productRefGroup</key>
			<string>BB000003000000000000003</string>
			<key>projectDirPath</key>
			<string></string>
			<key>projectRoot</key>
			<string></string>
			<key>targets</key>
			<array>
				<string>BB000008000000000000008</string>
			</array>
		</dict>
		<key>BB000002000000000000002</key>
		<dict>
			<key>children</key>
			<array>
				<string>3F73A43D2FCE856A0057ED63</string>
				<string>3F73A43E2FCE856A0057ED63</string>
				<string>3F73A43F2FCE856A0057ED63</string>
				<string>BB00000F00000000000000F</string>
				<string>BB000014000000000000014</string>
				<string>BB000003000000000000003</string>
				<string>3F3896522FC9FE150010DC4E</string>
				<string>3F38965D2FCA01760010DC4E</string>
			</array>
			<key>isa</key>
			<string>PBXGroup</string>
			<key>sourceTree</key>
			<string>&lt;group&gt;</string>
		</dict>
		<key>BB000003000000000000003</key>
		<dict>
			<key>children</key>
			<array>
				<string>BB000004000000000000004</string>
			</array>
			<key>isa</key>
			<string>PBXGroup</string>
			<key>name</key>
			<string>Products</string>
			<key>sourceTree</key>
			<string>&lt;group&gt;</string>
		</dict>
		<key>BB000004000000000000004</key>
		<dict>
			<key>explicitFileType</key>
			<string>wrapper.application</string>
			<key>includeInIndex</key>
			<string>0</string>
			<key>isa</key>
			<string>PBXFileReference</string>
			<key>path</key>
			<string>SoniqueBar.app</string>
			<key>sourceTree</key>
			<string>BUILT_PRODUCTS_DIR</string>
		</dict>
		<key>BB000005000000000000005</key>
		<dict>
			<key>buildActionMask</key>
			<string>2147483647</string>
			<key>files</key>
			<array>
				<string>3F3967C52FCA0C2300B7CE51</string>
				<string>AC1B00200000000000NI01B</string>
				<string>AC1B00200000000000SB01B</string>
				<string>BB000021000000000000021</string>
				<string>3F73A4402FCE856A0057ED63</string>
				<string>3F73A4412FCE856A0057ED63</string>
				<string>3F73A4422FCE856A0057ED63</string>
				<string>3F38966C2FCA03E10010DC4E</string>
			</array>
			<key>isa</key>
			<string>PBXSourcesBuildPhase</string>
			<key>runOnlyForDeploymentPostprocessing</key>
			<string>0</string>
		</dict>
		<key>BB000006000000000000006</key>
		<dict>
			<key>buildActionMask</key>
			<string>2147483647</string>
			<key>files</key>
			<array>
				<string>BB000041000000000000041</string>
			</array>
			<key>isa</key>
			<string>PBXResourcesBuildPhase</string>
			<key>runOnlyForDeploymentPostprocessing</key>
			<string>0</string>
		</dict>
		<key>BB000007000000000000007</key>
		<dict>
			<key>buildActionMask</key>
			<string>2147483647</string>
			<key>files</key>
			<array/>
			<key>isa</key>
			<string>PBXFrameworksBuildPhase</string>
			<key>runOnlyForDeploymentPostprocessing</key>
			<string>0</string>
		</dict>
		<key>BB000008000000000000008</key>
		<dict>
			<key>buildConfigurationList</key>
			<string>BB00000C00000000000000C</string>
			<key>buildPhases</key>
			<array>
				<string>BB000005000000000000005</string>
				<string>BB000007000000000000007</string>
				<string>BB000006000000000000006</string>
			</array>
			<key>buildRules</key>
			<array/>
			<key>dependencies</key>
			<array/>
			<key>isa</key>
			<string>PBXNativeTarget</string>
			<key>name</key>
			<string>SoniqueBar</string>
			<key>productName</key>
			<string>SoniqueBar</string>
			<key>productReference</key>
			<string>BB000004000000000000004</string>
			<key>productType</key>
			<string>com.apple.product-type.application</string>
		</dict>
		<key>BB000009000000000000009</key>
		<dict>
			<key>buildSettings</key>
			<dict>
				<key>ALWAYS_SEARCH_USER_PATHS</key>
				<string>NO</string>
				<key>COPY_PHASE_STRIP</key>
				<string>NO</string>
				<key>DEBUG_INFORMATION_FORMAT</key>
				<string>dwarf</string>
				<key>GCC_OPTIMIZATION_LEVEL</key>
				<string>0</string>
				<key>GCC_PREPROCESSOR_DEFINITIONS</key>
				<array>
					<string>DEBUG=1</string>
					<string>$(inherited)</string>
				</array>
				<key>ONLY_ACTIVE_ARCH</key>
				<string>YES</string>
				<key>SDKROOT</key>
				<string>macosx</string>
				<key>SWIFT_ACTIVE_COMPILATION_CONDITIONS</key>
				<string>DEBUG $(inherited)</string>
			</dict>
			<key>isa</key>
			<string>XCBuildConfiguration</string>
			<key>name</key>
			<string>Debug</string>
		</dict>
		<key>BB00000A00000000000000A</key>
		<dict>
			<key>buildSettings</key>
			<dict>
				<key>ALWAYS_SEARCH_USER_PATHS</key>
				<string>NO</string>
				<key>COPY_PHASE_STRIP</key>
				<string>NO</string>
				<key>DEBUG_INFORMATION_FORMAT</key>
				<string>dwarf-with-dsym</string>
				<key>SDKROOT</key>
				<string>macosx</string>
			</dict>
			<key>isa</key>
			<string>XCBuildConfiguration</string>
			<key>name</key>
			<string>Release</string>
		</dict>
		<key>BB00000B00000000000000B</key>
		<dict>
			<key>buildConfigurations</key>
			<array>
				<string>BB000009000000000000009</string>
				<string>BB00000A00000000000000A</string>
			</array>
			<key>defaultConfigurationIsVisible</key>
			<string>0</string>
			<key>defaultConfigurationName</key>
			<string>Release</string>
			<key>isa</key>
			<string>XCConfigurationList</string>
		</dict>
		<key>BB00000C00000000000000C</key>
		<dict>
			<key>buildConfigurations</key>
			<array>
				<string>BB00000D00000000000000D</string>
				<string>BB00000E00000000000000E</string>
			</array>
			<key>defaultConfigurationIsVisible</key>
			<string>0</string>
			<key>defaultConfigurationName</key>
			<string>Release</string>
			<key>isa</key>
			<string>XCConfigurationList</string>
		</dict>
		<key>BB00000D00000000000000D</key>
		<dict>
			<key>buildSettings</key>
			<dict>
				<key>ASSETCATALOG_COMPILER_APPICON_NAME</key>
				<string>AppIcon</string>
				<key>CODE_SIGN_ENTITLEMENTS</key>
				<string>SoniqueBar.entitlements</string>
				<key>CODE_SIGN_IDENTITY</key>
				<string>Apple Development</string>
				<key>CODE_SIGN_STYLE</key>
				<string>Automatic</string>
				<key>COMBINE_HIDPI_IMAGES</key>
				<string>YES</string>
				<key>CURRENT_PROJECT_VERSION</key>
				<string>4</string>
				<key>DEVELOPMENT_TEAM</key>
				<string>7NSS5CJL9E</string>
				<key>ENABLE_HARDENED_RUNTIME</key>
				<string>YES</string>
				<key>INFOPLIST_FILE</key>
				<string>SoniqueBar/Resources/Info.plist</string>
				<key>LD_RUNPATH_SEARCH_PATHS</key>
				<array>
					<string>$(inherited)</string>
					<string>@executable_path/../Frameworks</string>
				</array>
				<key>MACOSX_DEPLOYMENT_TARGET</key>
				<string>14.0</string>
				<key>MARKETING_VERSION</key>
				<string>1.1</string>
				<key>PRODUCT_BUNDLE_IDENTIFIER</key>
				<string>com.seayniclabs.soniquebar</string>
				<key>PRODUCT_NAME</key>
				<string>$(TARGET_NAME)</string>
				<key>SDKROOT</key>
				<string>macosx</string>
				<key>SWIFT_EMIT_LOC_STRINGS</key>
				<string>YES</string>
				<key>SWIFT_VERSION</key>
				<string>5.0</string>
			</dict>
			<key>isa</key>
			<string>XCBuildConfiguration</string>
			<key>name</key>
			<string>Debug</string>
		</dict>
		<key>BB00000E00000000000000E</key>
		<dict>
			<key>buildSettings</key>
			<dict>
				<key>ASSETCATALOG_COMPILER_APPICON_NAME</key>
				<string>AppIcon</string>
				<key>CODE_SIGN_ENTITLEMENTS</key>
				<string>SoniqueBar.entitlements</string>
				<key>CODE_SIGN_IDENTITY</key>
				<string>Apple Development</string>
				<key>CODE_SIGN_STYLE</key>
				<string>Automatic</string>
				<key>COMBINE_HIDPI_IMAGES</key>
				<string>YES</string>
				<key>CURRENT_PROJECT_VERSION</key>
				<string>4</string>
				<key>DEVELOPMENT_TEAM</key>
				<string>7NSS5CJL9E</string>
				<key>ENABLE_HARDENED_RUNTIME</key>
				<string>YES</string>
				<key>INFOPLIST_FILE</key>
				<string>SoniqueBar/Resources/Info.plist</string>
				<key>LD_RUNPATH_SEARCH_PATHS</key>
				<array>
					<string>$(inherited)</string>
					<string>@executable_path/../Frameworks</string>
				</array>
				<key>MACOSX_DEPLOYMENT_TARGET</key>
				<string>14.0</string>
				<key>MARKETING_VERSION</key>
				<string>1.1</string>
				<key>PRODUCT_BUNDLE_IDENTIFIER</key>
				<string>com.seayniclabs.soniquebar</string>
				<key>PRODUCT_NAME</key>
				<string>$(TARGET_NAME)</string>
				<key>SDKROOT</key>
				<string>macosx</string>
				<key>SWIFT_EMIT_LOC_STRINGS</key>
				<string>YES</string>
				<key>SWIFT_VERSION</key>
				<string>5.0</string>
			</dict>
			<key>isa</key>
			<string>XCBuildConfiguration</string>
			<key>name</key>
			<string>Release</string>
		</dict>
		<key>BB00000F00000000000000F</key>
		<dict>
			<key>children</key>
			<array>
				<string>BB000020000000000000020</string>
				<string>BB000010000000000000010</string>
				<string>BB000011000000000000011</string>
				<string>BB000012000000000000012</string>
				<string>BB000013000000000000013</string>
			</array>
			<key>isa</key>
			<string>PBXGroup</string>
			<key>name</key>
			<string>SoniqueBar</string>
			<key>sourceTree</key>
			<string>&lt;group&gt;</string>
		</dict>
		<key>BB000010000000000000010</key>
		<dict>
			<key>children</key>
			<array/>
			<key>isa</key>
			<string>PBXGroup</string>
			<key>name</key>
			<string>Models</string>
			<key>sourceTree</key>
			<string>&lt;group&gt;</string>
		</dict>
		<key>BB000011000000000000011</key>
		<dict>
			<key>children</key>
			<array>
				<string>3F3967C42FCA0C2300B7CE51</string>
				<string>AC1B00200000000000NI01A</string>
				<string>AC1B00200000000000SB01A</string>
				<string>3F38966B2FCA03E10010DC4E</string>
			</array>
			<key>isa</key>
			<string>PBXGroup</string>
			<key>name</key>
			<string>Services</string>
			<key>sourceTree</key>
			<string>&lt;group&gt;</string>
		</dict>
		<key>BB000012000000000000012</key>
		<dict>
			<key>children</key>
			<array/>
			<key>isa</key>
			<string>PBXGroup</string>
			<key>name</key>
			<string>Views</string>
			<key>sourceTree</key>
			<string>&lt;group&gt;</string>
		</dict>
		<key>BB000013000000000000013</key>
		<dict>
			<key>children</key>
			<array>
				<string>BB000016000000000000016</string>
				<string>BB000040000000000000040</string>
			</array>
			<key>isa</key>
			<string>PBXGroup</string>
			<key>name</key>
			<string>Resources</string>
			<key>sourceTree</key>
			<string>&lt;group&gt;</string>
		</dict>
		<key>BB000014000000000000014</key>
		<dict>
			<key>isa</key>
			<string>PBXFileReference</string>
			<key>lastKnownFileType</key>
			<string>text.plist.entitlements</string>
			<key>path</key>
			<string>SoniqueBar.entitlements</string>
			<key>sourceTree</key>
			<string>SOURCE_ROOT</string>
		</dict>
		<key>BB000016000000000000016</key>
		<dict>
			<key>isa</key>
			<string>PBXFileReference</string>
			<key>lastKnownFileType</key>
			<string>text.plist.xml</string>
			<key>name</key>
			<string>Info.plist</string>
			<key>path</key>
			<string>SoniqueBar/Resources/Info.plist</string>
			<key>sourceTree</key>
			<string>SOURCE_ROOT</string>
		</dict>
		<key>BB000020000000000000020</key>
		<dict>
			<key>isa</key>
			<string>PBXFileReference</string>
			<key>lastKnownFileType</key>
			<string>sourcecode.swift</string>
			<key>name</key>
			<string>SoniqueBarApp.swift</string>
			<key>path</key>
			<string>SoniqueBar/SoniqueBarApp.swift</string>
			<key>sourceTree</key>
			<string>SOURCE_ROOT</string>
		</dict>
		<key>BB000021000000000000021</key>
		<dict>
			<key>fileRef</key>
			<string>BB000020000000000000020</string>
			<key>isa</key>
			<string>PBXBuildFile</string>
		</dict>
		<key>BB000040000000000000040</key>
		<dict>
			<key>isa</key>
			<string>PBXFileReference</string>
			<key>lastKnownFileType</key>
			<string>folder.assetcatalog</string>
			<key>name</key>
			<string>Assets.xcassets</string>
			<key>path</key>
			<string>SoniqueBar/Resources/Assets.xcassets</string>
			<key>sourceTree</key>
			<string>SOURCE_ROOT</string>
		</dict>
		<key>BB000041000000000000041</key>
		<dict>
			<key>fileRef</key>
			<string>BB000040000000000000040</string>
			<key>isa</key>
			<string>PBXBuildFile</string>
		</dict>
	</dict>
	<key>rootObject</key>
	<string>BB000001000000000000001</string>
</dict>
</plist>
