// !$*UTF8*$!
{
	archiveVersion = 1;
	classes = {
	};
	objectVersion = 77;
	objects = {

/* Begin PBXBuildFile section */
		18385BA84319B52A11443D04 /* SoniqueBrain.swift in Sources */ = {isa = PBXBuildFile; fileRef = 26D43EF2F4A2C018D3C6F37E /* SoniqueBrain.swift */; };
		1881C1520BF67D21DF55C1A8 /* ClaudeProvider.swift in Sources */ = {isa = PBXBuildFile; fileRef = 3F0668D7EEC87E1153D21227 /* ClaudeProvider.swift */; };
		1AD19CE1583BB6AB023E4600 /* OpenAIProvider.swift in Sources */ = {isa = PBXBuildFile; fileRef = 8A6E578671058605A9C26596 /* OpenAIProvider.swift */; };
		1F562FA7EE5941452A626D0C /* GeminiProvider.swift in Sources */ = {isa = PBXBuildFile; fileRef = 1948ADF6DE9AACE09BC5CD81 /* GeminiProvider.swift */; };
		254F3561CB8267264B60031F /* WakeWordDetector.swift in Sources */ = {isa = PBXBuildFile; fileRef = 2C4E5A282CDA1E14DBCBE807 /* WakeWordDetector.swift */; };
		264D4EC11A3FA30C8325D74F /* NotificationService.swift in Sources */ = {isa = PBXBuildFile; fileRef = ECA8B2979492C18577FCABCC /* NotificationService.swift */; };
		3960D5DE91A3ED4AAD6FAA1F /* ElevenLabsProvider.swift in Sources */ = {isa = PBXBuildFile; fileRef = 3AC9F3F6AA46FC83CD719332 /* ElevenLabsProvider.swift */; };
		3C756A0AC0647EBC6CE22FF8 /* ConnectorProtocol.swift in Sources */ = {isa = PBXBuildFile; fileRef = 6FBD7A75A1EDDC8CA45A63F3 /* ConnectorProtocol.swift */; };
		4452BDE94D82A0A5BC9414FE /* LabStatusService.swift in Sources */ = {isa = PBXBuildFile; fileRef = 5DEA084A43571FB8B79A50BC /* LabStatusService.swift */; };
		45BB0297913A6EB0BBBBDA94 /* SystemVoiceProvider.swift in Sources */ = {isa = PBXBuildFile; fileRef = 1BE7105B9692C7F55E5CCDEB /* SystemVoiceProvider.swift */; };
		4B102F62A9EF98A44E5C888D /* InitializationScript.swift in Sources */ = {isa = PBXBuildFile; fileRef = 2DB66C2D5C439B8291EE9E14 /* InitializationScript.swift */; };
		699F52246E25BD3960DF4B5F /* OpenAITTSProvider.swift in Sources */ = {isa = PBXBuildFile; fileRef = AF3EC8D7EB97D157480347FC /* OpenAITTSProvider.swift */; };
		7B5E48A3F8B4D03F45B17BE0 /* LLMProvider.swift in Sources */ = {isa = PBXBuildFile; fileRef = 4269F3E96A76428E89931AE7 /* LLMProvider.swift */; };
		7FE241B8C18BDB08145F7053 /* GitHubConnector.swift in Sources */ = {isa = PBXBuildFile; fileRef = 6DC809DFED18B22FE2E51451 /* GitHubConnector.swift */; };
		90A3B6BD6E6661D7507E0A5B /* NativeIntents.swift in Sources */ = {isa = PBXBuildFile; fileRef = D7637D7CD68FFECE2DA6FAD6 /* NativeIntents.swift */; };
		934379D9C88DBB5A7A979F18 /* DockerConnector.swift in Sources */ = {isa = PBXBuildFile; fileRef = F218BBB4D9FB4B98B4D2C1FD /* DockerConnector.swift */; };
		AC34493CF86AEF0058644556 /* IntentRouter.swift in Sources */ = {isa = PBXBuildFile; fileRef = 9BBEED7B61800AF727DEF5F3 /* IntentRouter.swift */; };
		AD189CAF4F1E2AA7B5E4A007 /* ObsidianConnector.swift in Sources */ = {isa = PBXBuildFile; fileRef = C62A32B473E0B776E92FEEC6 /* ObsidianConnector.swift */; };
		B5BF8BDA203E4FFDB514C8B1 /* MemoryService.swift in Sources */ = {isa = PBXBuildFile; fileRef = 9B1B5C4D9C6124E4C5FAC81C /* MemoryService.swift */; };
		B6F33F481D105B17994ED348 /* VoiceProvider.swift in Sources */ = {isa = PBXBuildFile; fileRef = 494F35B4BE46B07DF2067516 /* VoiceProvider.swift */; };
		BB000021000000000000021 /* SoniqueBarApp.swift in Sources */ = {isa = PBXBuildFile; fileRef = BB000020000000000000020 /* SoniqueBarApp.swift */; };
		C0E46E5312385083CC6EF2F3 /* ConnectorRegistry.swift in Sources */ = {isa = PBXBuildFile; fileRef = 89DEBB87C22A05AAC4B97019 /* ConnectorRegistry.swift */; };
		C308D4E93103213839A27FFD /* LiveScreenCapture.swift in Sources */ = {isa = PBXBuildFile; fileRef = BA21E3093DCCF2B341C15CE1 /* LiveScreenCapture.swift */; };
		C41FF06215983DCC2D727191 /* ScreenAwarenessService.swift in Sources */ = {isa = PBXBuildFile; fileRef = 2ACBDD8A5604501BBD52BD97 /* ScreenAwarenessService.swift */; };
		D08B685E7C01CC54EF7EC64E /* SettingsView.swift in Sources */ = {isa = PBXBuildFile; fileRef = 6A89362065A58C0E0D76DAC7 /* SettingsView.swift */; };
		D0AB5C222768661355C09820 /* VaultReader.swift in Sources */ = {isa = PBXBuildFile; fileRef = B50DEF87220176D8383DABAB /* VaultReader.swift */; };
		DEA28F7A7C2C8253BBF9CE70 /* RemediationEngine.swift in Sources */ = {isa = PBXBuildFile; fileRef = A81C710A77E83A08581F3989 /* RemediationEngine.swift */; };
		E625C58534BCF80D0998318D /* PatternClassifier.swift in Sources */ = {isa = PBXBuildFile; fileRef = B53B7712B53EF849A8C15EB8 /* PatternClassifier.swift */; };
		E64A366A5F027A21690D16C5 /* HelmsmanConnector.swift in Sources */ = {isa = PBXBuildFile; fileRef = 0624918F9F9BB6FB1FB7015A /* HelmsmanConnector.swift */; };
		F207771755EE5599B4947268 /* MCPProxyClient.swift in Sources */ = {isa = PBXBuildFile; fileRef = B140E9A1CA635B15165A0C02 /* MCPProxyClient.swift */; };
		F4AD0C12DFD5F3E9F00A2C5D /* SlackConnector.swift in Sources */ = {isa = PBXBuildFile; fileRef = 2546B9FDE002C7FEB191DDBC /* SlackConnector.swift */; };
		F5FE4AE5BCE56A7CEF27C4A8 /* DiagnosticAgent.swift in Sources */ = {isa = PBXBuildFile; fileRef = 14DD10989B88085D88EAECBC /* DiagnosticAgent.swift */; };
		F845AB412F437944A72BFE21 /* NVIDIAProvider.swift in Sources */ = {isa = PBXBuildFile; fileRef = 62EDE6B3A6B2D265A95368B2 /* NVIDIAProvider.swift */; };
		FA925571F17B6BA9C9106F30 /* CommandServer.swift in Sources */ = {isa = PBXBuildFile; fileRef = 51CF32BB11AD3B053074E4B1 /* CommandServer.swift */; };
		FB4A785BC5C0C1732655A2E1 /* TaskDispatcher.swift in Sources */ = {isa = PBXBuildFile; fileRef = 52B477ED8413E4F7FC7A7216 /* TaskDispatcher.swift */; };
		FDEB1550A3C56FEC61801B17 /* BackgroundMonitor.swift in Sources */ = {isa = PBXBuildFile; fileRef = C97BFF455FB039ADE8EBB91B /* BackgroundMonitor.swift */; };
/* End PBXBuildFile section */

/* Begin PBXFileReference section */
		0624918F9F9BB6FB1FB7015A /* HelmsmanConnector.swift */ = {isa = PBXFileReference; includeInIndex = 1; lastKnownFileType = sourcecode.swift; name = HelmsmanConnector.swift; path = SoniqueBar/Connectors/HelmsmanConnector.swift; sourceTree = "<group>"; };
		14DD10989B88085D88EAECBC /* DiagnosticAgent.swift */ = {isa = PBXFileReference; includeInIndex = 1; lastKnownFileType = sourcecode.swift; name = DiagnosticAgent.swift; path = SoniqueBar/Services/DiagnosticAgent.swift; sourceTree = "<group>"; };
		1948ADF6DE9AACE09BC5CD81 /* GeminiProvider.swift */ = {isa = PBXFileReference; includeInIndex = 1; lastKnownFileType = sourcecode.swift; name = GeminiProvider.swift; path = SoniqueBar/Core/LLM/GeminiProvider.swift; sourceTree = "<group>"; };
		1BE7105B9692C7F55E5CCDEB /* SystemVoiceProvider.swift */ = {isa = PBXFileReference; includeInIndex = 1; lastKnownFileType = sourcecode.swift; name = SystemVoiceProvider.swift; path = SoniqueBar/Core/Voice/SystemVoiceProvider.swift; sourceTree = "<group>"; };
		2546B9FDE002C7FEB191DDBC /* SlackConnector.swift */ = {isa = PBXFileReference; includeInIndex = 1; lastKnownFileType = sourcecode.swift; name = SlackConnector.swift; path = SoniqueBar/Connectors/SlackConnector.swift; sourceTree = "<group>"; };
		26D43EF2F4A2C018D3C6F37E /* SoniqueBrain.swift */ = {isa = PBXFileReference; includeInIndex = 1; lastKnownFileType = sourcecode.swift; name = SoniqueBrain.swift; path = SoniqueBar/Services/SoniqueBrain.swift; sourceTree = "<group>"; };
		2ACBDD8A5604501BBD52BD97 /* ScreenAwarenessService.swift */ = {isa = PBXFileReference; includeInIndex = 1; lastKnownFileType = sourcecode.swift; name = ScreenAwarenessService.swift; path = SoniqueBar/Services/ScreenAwarenessService.swift; sourceTree = "<group>"; };
		2C4E5A282CDA1E14DBCBE807 /* WakeWordDetector.swift */ = {isa = PBXFileReference; includeInIndex = 1; lastKnownFileType = sourcecode.swift; name = WakeWordDetector.swift; path = SoniqueBar/Core/WakeWord/WakeWordDetector.swift; sourceTree = "<group>"; };
		2DB66C2D5C439B8291EE9E14 /* InitializationScript.swift */ = {isa = PBXFileReference; includeInIndex = 1; lastKnownFileType = sourcecode.swift; path = SoniqueBar/Services/InitializationScript.swift; sourceTree = "<group>"; };
		3AC9F3F6AA46FC83CD719332 /* ElevenLabsProvider.swift */ = {isa = PBXFileReference; includeInIndex = 1; lastKnownFileType = sourcecode.swift; name = ElevenLabsProvider.swift; path = SoniqueBar/Core/Voice/ElevenLabsProvider.swift; sourceTree = "<group>"; };
		3F0668D7EEC87E1153D21227 /* ClaudeProvider.swift */ = {isa = PBXFileReference; includeInIndex = 1; lastKnownFileType = sourcecode.swift; name = ClaudeProvider.swift; path = SoniqueBar/Core/LLM/ClaudeProvider.swift; sourceTree = "<group>"; };
		4269F3E96A76428E89931AE7 /* LLMProvider.swift */ = {isa = PBXFileReference; includeInIndex = 1; lastKnownFileType = sourcecode.swift; name = LLMProvider.swift; path = SoniqueBar/Core/LLM/LLMProvider.swift; sourceTree = "<group>"; };
		48B8F20B305375C0346D76A6 /* ConnectorRegistry.swift */ = {isa = PBXFileReference; includeInIndex = 1; lastKnownFileType = sourcecode.swift; path = ConnectorRegistry.swift; sourceTree = "<group>"; };
		494F35B4BE46B07DF2067516 /* VoiceProvider.swift */ = {isa = PBXFileReference; includeInIndex = 1; lastKnownFileType = sourcecode.swift; name = VoiceProvider.swift; path = SoniqueBar/Core/Voice/VoiceProvider.swift; sourceTree = "<group>"; };
		51CF32BB11AD3B053074E4B1 /* CommandServer.swift */ = {isa = PBXFileReference; includeInIndex = 1; lastKnownFileType = sourcecode.swift; name = CommandServer.swift; path = SoniqueBar/Services/CommandServer.swift; sourceTree = "<group>"; };
		52B477ED8413E4F7FC7A7216 /* TaskDispatcher.swift */ = {isa = PBXFileReference; includeInIndex = 1; lastKnownFileType = sourcecode.swift; name = TaskDispatcher.swift; path = SoniqueBar/Services/TaskDispatcher.swift; sourceTree = "<group>"; };
		5DEA084A43571FB8B79A50BC /* LabStatusService.swift */ = {isa = PBXFileReference; includeInIndex = 1; lastKnownFileType = sourcecode.swift; name = LabStatusService.swift; path = SoniqueBar/Services/LabStatusService.swift; sourceTree = "<group>"; };
		62EDE6B3A6B2D265A95368B2 /* NVIDIAProvider.swift */ = {isa = PBXFileReference; includeInIndex = 1; lastKnownFileType = sourcecode.swift; name = NVIDIAProvider.swift; path = SoniqueBar/Core/LLM/NVIDIAProvider.swift; sourceTree = "<group>"; };
		6A89362065A58C0E0D76DAC7 /* SettingsView.swift */ = {isa = PBXFileReference; includeInIndex = 1; lastKnownFileType = sourcecode.swift; name = SettingsView.swift; path = SoniqueBar/Views/SettingsView.swift; sourceTree = "<group>"; };
		6DC809DFED18B22FE2E51451 /* GitHubConnector.swift */ = {isa = PBXFileReference; includeInIndex = 1; lastKnownFileType = sourcecode.swift; name = GitHubConnector.swift; path = SoniqueBar/Connectors/GitHubConnector.swift; sourceTree = "<group>"; };
		6FBD7A75A1EDDC8CA45A63F3 /* ConnectorProtocol.swift */ = {isa = PBXFileReference; includeInIndex = 1; lastKnownFileType = sourcecode.swift; name = ConnectorProtocol.swift; path = SoniqueBar/Core/Connectors/ConnectorProtocol.swift; sourceTree = "<group>"; };
		89DEBB87C22A05AAC4B97019 /* ConnectorRegistry.swift */ = {isa = PBXFileReference; includeInIndex = 1; lastKnownFileType = sourcecode.swift; name = ConnectorRegistry.swift; path = SoniqueBar/Core/Connectors/ConnectorRegistry.swift; sourceTree = "<group>"; };
		8A6E578671058605A9C26596 /* OpenAIProvider.swift */ = {isa = PBXFileReference; includeInIndex = 1; lastKnownFileType = sourcecode.swift; name = OpenAIProvider.swift; path = SoniqueBar/Core/LLM/OpenAIProvider.swift; sourceTree = "<group>"; };
		8DA1CC12F4BB2FB36F0223B6 /* ConnectorProtocol.swift */ = {isa = PBXFileReference; includeInIndex = 1; lastKnownFileType = sourcecode.swift; name = ConnectorProtocol.swift; path = SoniqueBar/Core/Connectors/ConnectorProtocol.swift; sourceTree = "<group>"; };
		9B1B5C4D9C6124E4C5FAC81C /* MemoryService.swift */ = {isa = PBXFileReference; includeInIndex = 1; lastKnownFileType = sourcecode.swift; name = MemoryService.swift; path = SoniqueBar/Services/MemoryService.swift; sourceTree = "<group>"; };
		9BBEED7B61800AF727DEF5F3 /* IntentRouter.swift */ = {isa = PBXFileReference; includeInIndex = 1; lastKnownFileType = sourcecode.swift; name = IntentRouter.swift; path = SoniqueBar/Services/IntentRouter.swift; sourceTree = "<group>"; };
		9C70828CED3AA1EFA5544CA7 /* ConnectorProtocol.swift */ = {isa = PBXFileReference; includeInIndex = 1; lastKnownFileType = sourcecode.swift; path = ConnectorProtocol.swift; sourceTree = "<group>"; };
		A5C7E81C62BD0AE9EAA67DFC /* DockerConnector.swift */ = {isa = PBXFileReference; includeInIndex = 1; lastKnownFileType = sourcecode.swift; path = DockerConnector.swift; sourceTree = "<group>"; };
		A81C710A77E83A08581F3989 /* RemediationEngine.swift */ = {isa = PBXFileReference; includeInIndex = 1; lastKnownFileType = sourcecode.swift; name = RemediationEngine.swift; path = SoniqueBar/Services/RemediationEngine.swift; sourceTree = "<group>"; };
		AF3EC8D7EB97D157480347FC /* OpenAITTSProvider.swift */ = {isa = PBXFileReference; includeInIndex = 1; lastKnownFileType = sourcecode.swift; name = OpenAITTSProvider.swift; path = SoniqueBar/Core/Voice/OpenAITTSProvider.swift; sourceTree = "<group>"; };
		B140E9A1CA635B15165A0C02 /* MCPProxyClient.swift */ = {isa = PBXFileReference; includeInIndex = 1; lastKnownFileType = sourcecode.swift; path = SoniqueBar/Services/MCPProxyClient.swift; sourceTree = "<group>"; };
		B50DEF87220176D8383DABAB /* VaultReader.swift */ = {isa = PBXFileReference; includeInIndex = 1; lastKnownFileType = sourcecode.swift; path = SoniqueBar/Services/VaultReader.swift; sourceTree = "<group>"; };
		B53B7712B53EF849A8C15EB8 /* PatternClassifier.swift */ = {isa = PBXFileReference; includeInIndex = 1; lastKnownFileType = sourcecode.swift; name = PatternClassifier.swift; path = SoniqueBar/Services/PatternClassifier.swift; sourceTree = "<group>"; };
		BA21E3093DCCF2B341C15CE1 /* LiveScreenCapture.swift */ = {isa = PBXFileReference; includeInIndex = 1; lastKnownFileType = sourcecode.swift; name = LiveScreenCapture.swift; path = SoniqueBar/Services/LiveScreenCapture.swift; sourceTree = "<group>"; };
		BB000004000000000000004 /* SoniqueBar.app */ = {isa = PBXFileReference; explicitFileType = wrapper.application; includeInIndex = 0; path = SoniqueBar.app; sourceTree = BUILT_PRODUCTS_DIR; };
		BB000014000000000000014 /* SoniqueBar.entitlements */ = {isa = PBXFileReference; lastKnownFileType = text.plist.entitlements; path = SoniqueBar.entitlements; sourceTree = SOURCE_ROOT; };
		BB000016000000000000016 /* Info.plist */ = {isa = PBXFileReference; lastKnownFileType = text.plist.xml; name = Info.plist; path = SoniqueBar/Resources/Info.plist; sourceTree = SOURCE_ROOT; };
		BB000020000000000000020 /* SoniqueBarApp.swift */ = {isa = PBXFileReference; lastKnownFileType = sourcecode.swift; name = SoniqueBarApp.swift; path = SoniqueBar/SoniqueBarApp.swift; sourceTree = SOURCE_ROOT; };
		C62A32B473E0B776E92FEEC6 /* ObsidianConnector.swift */ = {isa = PBXFileReference; includeInIndex = 1; lastKnownFileType = sourcecode.swift; name = ObsidianConnector.swift; path = SoniqueBar/Connectors/ObsidianConnector.swift; sourceTree = "<group>"; };
		C97BFF455FB039ADE8EBB91B /* BackgroundMonitor.swift */ = {isa = PBXFileReference; includeInIndex = 1; lastKnownFileType = sourcecode.swift; name = BackgroundMonitor.swift; path = SoniqueBar/Services/BackgroundMonitor.swift; sourceTree = "<group>"; };
		CCF42D09592DC1CC7485CAA4 /* ConnectorRegistry.swift */ = {isa = PBXFileReference; includeInIndex = 1; lastKnownFileType = sourcecode.swift; name = ConnectorRegistry.swift; path = SoniqueBar/Core/Connectors/ConnectorRegistry.swift; sourceTree = "<group>"; };
		D324FE6B93757776E0B786A9 /* HelmsmanConnector.swift */ = {isa = PBXFileReference; includeInIndex = 1; lastKnownFileType = sourcecode.swift; path = HelmsmanConnector.swift; sourceTree = "<group>"; };
		D7637D7CD68FFECE2DA6FAD6 /* NativeIntents.swift */ = {isa = PBXFileReference; includeInIndex = 1; lastKnownFileType = sourcecode.swift; name = NativeIntents.swift; path = SoniqueBar/Services/NativeIntents.swift; sourceTree = "<group>"; };
		E9D69438EFB4687EDDF07CE9 /* DockerConnector.swift */ = {isa = PBXFileReference; includeInIndex = 1; lastKnownFileType = sourcecode.swift; name = DockerConnector.swift; path = SoniqueBar/Connectors/DockerConnector.swift; sourceTree = "<group>"; };
		ECA8B2979492C18577FCABCC /* NotificationService.swift */ = {isa = PBXFileReference; includeInIndex = 1; lastKnownFileType = sourcecode.swift; name = NotificationService.swift; path = SoniqueBar/Services/NotificationService.swift; sourceTree = "<group>"; };
		F218BBB4D9FB4B98B4D2C1FD /* DockerConnector.swift */ = {isa = PBXFileReference; includeInIndex = 1; lastKnownFileType = sourcecode.swift; name = DockerConnector.swift; path = SoniqueBar/Connectors/DockerConnector.swift; sourceTree = "<group>"; };
		F66032BAA7F8170D24F8DE7D /* HelmsmanConnector.swift */ = {isa = PBXFileReference; includeInIndex = 1; lastKnownFileType = sourcecode.swift; name = HelmsmanConnector.swift; path = SoniqueBar/Connectors/HelmsmanConnector.swift; sourceTree = "<group>"; };
/* End PBXFileReference section */

/* Begin PBXFrameworksBuildPhase section */
		BB000007000000000000007 /* Frameworks */ = {
			isa = PBXFrameworksBuildPhase;
			buildActionMask = 2147483647;
			files = (
			);
			runOnlyForDeploymentPostprocessing = 0;
		};
/* End PBXFrameworksBuildPhase section */

/* Begin PBXGroup section */
		80D05008DB8908C6DA27ADF8 /* Core */ = {
			isa = PBXGroup;
			children = (
				D5F0376F1CF0F67229FB29C1 /* Connectors */,
			);
			name = Core;
			sourceTree = "<group>";
		};
		A8FDEB0EF88E210590423D84 /* Connectors */ = {
			isa = PBXGroup;
			children = (
				D324FE6B93757776E0B786A9 /* HelmsmanConnector.swift */,
				A5C7E81C62BD0AE9EAA67DFC /* DockerConnector.swift */,
				F66032BAA7F8170D24F8DE7D /* HelmsmanConnector.swift */,
				E9D69438EFB4687EDDF07CE9 /* DockerConnector.swift */,
			);
			name = Connectors;
			sourceTree = "<group>";
		};
		BB000002000000000000002 = {
			isa = PBXGroup;
			children = (
				BB00000F00000000000000F /* SoniqueBar */,
				BB000014000000000000014 /* SoniqueBar.entitlements */,
				BB000003000000000000003 /* Products */,
				26D43EF2F4A2C018D3C6F37E /* SoniqueBrain.swift */,
				D7637D7CD68FFECE2DA6FAD6 /* NativeIntents.swift */,
				9B1B5C4D9C6124E4C5FAC81C /* MemoryService.swift */,
				14DD10989B88085D88EAECBC /* DiagnosticAgent.swift */,
				C97BFF455FB039ADE8EBB91B /* BackgroundMonitor.swift */,
				B53B7712B53EF849A8C15EB8 /* PatternClassifier.swift */,
				A81C710A77E83A08581F3989 /* RemediationEngine.swift */,
				5DEA084A43571FB8B79A50BC /* LabStatusService.swift */,
				2ACBDD8A5604501BBD52BD97 /* ScreenAwarenessService.swift */,
				9BBEED7B61800AF727DEF5F3 /* IntentRouter.swift */,
				ECA8B2979492C18577FCABCC /* NotificationService.swift */,
				52B477ED8413E4F7FC7A7216 /* TaskDispatcher.swift */,
				BA21E3093DCCF2B341C15CE1 /* LiveScreenCapture.swift */,
				51CF32BB11AD3B053074E4B1 /* CommandServer.swift */,
				6FBD7A75A1EDDC8CA45A63F3 /* ConnectorProtocol.swift */,
				89DEBB87C22A05AAC4B97019 /* ConnectorRegistry.swift */,
				0624918F9F9BB6FB1FB7015A /* HelmsmanConnector.swift */,
				F218BBB4D9FB4B98B4D2C1FD /* DockerConnector.swift */,
				2546B9FDE002C7FEB191DDBC /* SlackConnector.swift */,
				6DC809DFED18B22FE2E51451 /* GitHubConnector.swift */,
				C62A32B473E0B776E92FEEC6 /* ObsidianConnector.swift */,
				6A89362065A58C0E0D76DAC7 /* SettingsView.swift */,
				4269F3E96A76428E89931AE7 /* LLMProvider.swift */,
				3F0668D7EEC87E1153D21227 /* ClaudeProvider.swift */,
				1948ADF6DE9AACE09BC5CD81 /* GeminiProvider.swift */,
				8A6E578671058605A9C26596 /* OpenAIProvider.swift */,
				62EDE6B3A6B2D265A95368B2 /* NVIDIAProvider.swift */,
				494F35B4BE46B07DF2067516 /* VoiceProvider.swift */,
				3AC9F3F6AA46FC83CD719332 /* ElevenLabsProvider.swift */,
				AF3EC8D7EB97D157480347FC /* OpenAITTSProvider.swift */,
				1BE7105B9692C7F55E5CCDEB /* SystemVoiceProvider.swift */,
				2C4E5A282CDA1E14DBCBE807 /* WakeWordDetector.swift */,
			);
			sourceTree = "<group>";
		};
		BB000003000000000000003 /* Products */ = {
			isa = PBXGroup;
			children = (
				BB000004000000000000004 /* SoniqueBar.app */,
			);
			name = Products;
			sourceTree = "<group>";
		};
		BB00000F00000000000000F /* SoniqueBar */ = {
			isa = PBXGroup;
			children = (
				BB000020000000000000020 /* SoniqueBarApp.swift */,
				BB000010000000000000010 /* Models */,
				BB000011000000000000011 /* Services */,
				BB000012000000000000012 /* Views */,
				BB000013000000000000013 /* Resources */,
				80D05008DB8908C6DA27ADF8 /* Core */,
				A8FDEB0EF88E210590423D84 /* Connectors */,
			);
			name = SoniqueBar;
			sourceTree = "<group>";
		};
		BB000010000000000000010 /* Models */ = {
			isa = PBXGroup;
			children = (
			);
			name = Models;
			sourceTree = "<group>";
		};
		BB000011000000000000011 /* Services */ = {
			isa = PBXGroup;
			children = (
				2DB66C2D5C439B8291EE9E14 /* InitializationScript.swift */,
				B50DEF87220176D8383DABAB /* VaultReader.swift */,
				B140E9A1CA635B15165A0C02 /* MCPProxyClient.swift */,
			);
			name = Services;
			sourceTree = "<group>";
		};
		BB000012000000000000012 /* Views */ = {
			isa = PBXGroup;
			children = (
			);
			name = Views;
			sourceTree = "<group>";
		};
		BB000013000000000000013 /* Resources */ = {
			isa = PBXGroup;
			children = (
				BB000016000000000000016 /* Info.plist */,
			);
			name = Resources;
			sourceTree = "<group>";
		};
		D5F0376F1CF0F67229FB29C1 /* Connectors */ = {
			isa = PBXGroup;
			children = (
				9C70828CED3AA1EFA5544CA7 /* ConnectorProtocol.swift */,
				48B8F20B305375C0346D76A6 /* ConnectorRegistry.swift */,
				8DA1CC12F4BB2FB36F0223B6 /* ConnectorProtocol.swift */,
				CCF42D09592DC1CC7485CAA4 /* ConnectorRegistry.swift */,
			);
			name = Connectors;
			sourceTree = "<group>";
		};
/* End PBXGroup section */

/* Begin PBXNativeTarget section */
		BB000008000000000000008 /* SoniqueBar */ = {
			isa = PBXNativeTarget;
			buildConfigurationList = BB00000C00000000000000C /* Build configuration list for PBXNativeTarget "SoniqueBar" */;
			buildPhases = (
				BB000005000000000000005 /* Sources */,
				BB000007000000000000007 /* Frameworks */,
				BB000006000000000000006 /* Resources */,
			);
			buildRules = (
			);
			dependencies = (
			);
			name = SoniqueBar;
			productName = SoniqueBar;
			productReference = BB000004000000000000004 /* SoniqueBar.app */;
			productType = "com.apple.product-type.application";
		};
/* End PBXNativeTarget section */

/* Begin PBXProject section */
		BB000001000000000000001 /* Project object */ = {
			isa = PBXProject;
			attributes = {
				BuildIndependentTargetsInParallel = 1;
				LastSwiftUpdateCheck = 1600;
				LastUpgradeCheck = 1600;
			};
			buildConfigurationList = BB00000B00000000000000B /* Build configuration list for PBXProject "SoniqueBar" */;
			compatibilityVersion = "Xcode 14.0";
			developmentRegion = en;
			hasScannedForEncodings = 0;
			knownRegions = (
				en,
				Base,
			);
			mainGroup = BB000002000000000000002;
			productRefGroup = BB000003000000000000003 /* Products */;
			projectDirPath = "";
			projectRoot = "";
			targets = (
				BB000008000000000000008 /* SoniqueBar */,
			);
		};
/* End PBXProject section */

/* Begin PBXResourcesBuildPhase section */
		BB000006000000000000006 /* Resources */ = {
			isa = PBXResourcesBuildPhase;
			buildActionMask = 2147483647;
			files = (
			);
			runOnlyForDeploymentPostprocessing = 0;
		};
/* End PBXResourcesBuildPhase section */

/* Begin PBXSourcesBuildPhase section */
		BB000005000000000000005 /* Sources */ = {
			isa = PBXSourcesBuildPhase;
			buildActionMask = 2147483647;
			files = (
				BB000021000000000000021 /* SoniqueBarApp.swift in Sources */,
				18385BA84319B52A11443D04 /* SoniqueBrain.swift in Sources */,
				90A3B6BD6E6661D7507E0A5B /* NativeIntents.swift in Sources */,
				B5BF8BDA203E4FFDB514C8B1 /* MemoryService.swift in Sources */,
				F5FE4AE5BCE56A7CEF27C4A8 /* DiagnosticAgent.swift in Sources */,
				FDEB1550A3C56FEC61801B17 /* BackgroundMonitor.swift in Sources */,
				E625C58534BCF80D0998318D /* PatternClassifier.swift in Sources */,
				DEA28F7A7C2C8253BBF9CE70 /* RemediationEngine.swift in Sources */,
				4452BDE94D82A0A5BC9414FE /* LabStatusService.swift in Sources */,
				C41FF06215983DCC2D727191 /* ScreenAwarenessService.swift in Sources */,
				AC34493CF86AEF0058644556 /* IntentRouter.swift in Sources */,
				264D4EC11A3FA30C8325D74F /* NotificationService.swift in Sources */,
				FB4A785BC5C0C1732655A2E1 /* TaskDispatcher.swift in Sources */,
				C308D4E93103213839A27FFD /* LiveScreenCapture.swift in Sources */,
				FA925571F17B6BA9C9106F30 /* CommandServer.swift in Sources */,
				4B102F62A9EF98A44E5C888D /* InitializationScript.swift in Sources */,
				D0AB5C222768661355C09820 /* VaultReader.swift in Sources */,
				F207771755EE5599B4947268 /* MCPProxyClient.swift in Sources */,
				3C756A0AC0647EBC6CE22FF8 /* ConnectorProtocol.swift in Sources */,
				C0E46E5312385083CC6EF2F3 /* ConnectorRegistry.swift in Sources */,
				E64A366A5F027A21690D16C5 /* HelmsmanConnector.swift in Sources */,
				934379D9C88DBB5A7A979F18 /* DockerConnector.swift in Sources */,
				F4AD0C12DFD5F3E9F00A2C5D /* SlackConnector.swift in Sources */,
				7FE241B8C18BDB08145F7053 /* GitHubConnector.swift in Sources */,
				AD189CAF4F1E2AA7B5E4A007 /* ObsidianConnector.swift in Sources */,
				D08B685E7C01CC54EF7EC64E /* SettingsView.swift in Sources */,
				7B5E48A3F8B4D03F45B17BE0 /* LLMProvider.swift in Sources */,
				1881C1520BF67D21DF55C1A8 /* ClaudeProvider.swift in Sources */,
				1F562FA7EE5941452A626D0C /* GeminiProvider.swift in Sources */,
				1AD19CE1583BB6AB023E4600 /* OpenAIProvider.swift in Sources */,
				F845AB412F437944A72BFE21 /* NVIDIAProvider.swift in Sources */,
				B6F33F481D105B17994ED348 /* VoiceProvider.swift in Sources */,
				3960D5DE91A3ED4AAD6FAA1F /* ElevenLabsProvider.swift in Sources */,
				699F52246E25BD3960DF4B5F /* OpenAITTSProvider.swift in Sources */,
				45BB0297913A6EB0BBBBDA94 /* SystemVoiceProvider.swift in Sources */,
				254F3561CB8267264B60031F /* WakeWordDetector.swift in Sources */,
			);
			runOnlyForDeploymentPostprocessing = 0;
		};
/* End PBXSourcesBuildPhase section */

/* Begin XCBuildConfiguration section */
		BB000009000000000000009 /* Debug */ = {
			isa = XCBuildConfiguration;
			buildSettings = {
				ALWAYS_SEARCH_USER_PATHS = NO;
				COPY_PHASE_STRIP = NO;
				DEBUG_INFORMATION_FORMAT = dwarf;
				GCC_OPTIMIZATION_LEVEL = 0;
				GCC_PREPROCESSOR_DEFINITIONS = (
					"DEBUG=1",
					"$(inherited)",
				);
				ONLY_ACTIVE_ARCH = YES;
				SDKROOT = macosx;
				SWIFT_ACTIVE_COMPILATION_CONDITIONS = "DEBUG $(inherited)";
			};
			name = Debug;
		};
		BB00000A00000000000000A /* Release */ = {
			isa = XCBuildConfiguration;
			buildSettings = {
				ALWAYS_SEARCH_USER_PATHS = NO;
				COPY_PHASE_STRIP = NO;
				DEBUG_INFORMATION_FORMAT = "dwarf-with-dsym";
				SDKROOT = macosx;
			};
			name = Release;
		};
		BB00000D00000000000000D /* Debug */ = {
			isa = XCBuildConfiguration;
			buildSettings = {
				CODE_SIGN_ENTITLEMENTS = SoniqueBar.entitlements;
				CODE_SIGN_IDENTITY = "Apple Development";
				CODE_SIGN_STYLE = Automatic;
				COMBINE_HIDPI_IMAGES = YES;
				CURRENT_PROJECT_VERSION = 48;
				DEVELOPMENT_TEAM = 7NSS5CJL9E;
				ENABLE_HARDENED_RUNTIME = YES;
				INFOPLIST_FILE = SoniqueBar/Resources/Info.plist;
				LD_RUNPATH_SEARCH_PATHS = (
					"$(inherited)",
					"@executable_path/../Frameworks",
				);
				MACOSX_DEPLOYMENT_TARGET = 13.0;
				MARKETING_VERSION = 1.0;
				PRODUCT_BUNDLE_IDENTIFIER = com.seayniclabs.soniquebar;
				PRODUCT_NAME = "$(TARGET_NAME)";
				SDKROOT = macosx;
				SWIFT_EMIT_LOC_STRINGS = YES;
				SWIFT_VERSION = 5.0;
			};
			name = Debug;
		};
		BB00000E00000000000000E /* Release */ = {
			isa = XCBuildConfiguration;
			buildSettings = {
				CODE_SIGN_ENTITLEMENTS = SoniqueBar.entitlements;
				CODE_SIGN_IDENTITY = "Apple Development";
				CODE_SIGN_STYLE = Automatic;
				COMBINE_HIDPI_IMAGES = YES;
				CURRENT_PROJECT_VERSION = 48;
				DEVELOPMENT_TEAM = 7NSS5CJL9E;
				ENABLE_HARDENED_RUNTIME = YES;
				INFOPLIST_FILE = SoniqueBar/Resources/Info.plist;
				LD_RUNPATH_SEARCH_PATHS = (
					"$(inherited)",
					"@executable_path/../Frameworks",
				);
				MACOSX_DEPLOYMENT_TARGET = 13.0;
				MARKETING_VERSION = 1.0;
				PRODUCT_BUNDLE_IDENTIFIER = com.seayniclabs.soniquebar;
				PRODUCT_NAME = "$(TARGET_NAME)";
				SDKROOT = macosx;
				SWIFT_EMIT_LOC_STRINGS = YES;
				SWIFT_VERSION = 5.0;
			};
			name = Release;
		};
/* End XCBuildConfiguration section */

/* Begin XCConfigurationList section */
		BB00000B00000000000000B /* Build configuration list for PBXProject "SoniqueBar" */ = {
			isa = XCConfigurationList;
			buildConfigurations = (
				BB000009000000000000009 /* Debug */,
				BB00000A00000000000000A /* Release */,
			);
			defaultConfigurationIsVisible = 0;
			defaultConfigurationName = Release;
		};
		BB00000C00000000000000C /* Build configuration list for PBXNativeTarget "SoniqueBar" */ = {
			isa = XCConfigurationList;
			buildConfigurations = (
				BB00000D00000000000000D /* Debug */,
				BB00000E00000000000000E /* Release */,
			);
			defaultConfigurationIsVisible = 0;
			defaultConfigurationName = Release;
		};
/* End XCConfigurationList section */
	};
	rootObject = BB000001000000000000001 /* Project object */;
}
